
Microsoft Visual Studio Solution File, Format Version 12.00
# Visual Studio Version 17
VisualStudioVersion = 17.14.36414.22
MinimumVisualStudioVersion = 10.0.40219.1
Project("{FAE04EC0-301F-11D3-BF4B-00C04F79EFBC}") = "WpfHelloWorldCore", "WpfHelloWorldCore\WpfHelloWorldCore.csproj", "{D4013AB0-E07E-4458-9F8A-E9E1AD1A8CC1}"
EndProject
Project("{C7167F0D-BC9F-4E6E-AFE1-012C56B48DB5}") = "WpfHelloWorldInstaller (Package)", "WpfHelloWorldInstaller\WpfHelloWorldInstaller (Package)\WpfHelloWorldInstaller (Package).wapproj", "{5213E0F5-FFC2-4482-9DB9-C7F72899B4EB}"
EndProject
Project("{FAE04EC0-301F-11D3-BF4B-00C04F79EFBC}") = "WpfHelloWorldInstaller", "WpfHelloWorldInstaller\WpfHelloWorldInstaller\WpfHelloWorldInstaller.csproj", "{B6808D34-03E2-4997-9BC2-57CA9B0DD4AF}"
EndProject
Global
	GlobalSection(SolutionConfigurationPlatforms) = preSolution
		Debug|Any CPU = Debug|Any CPU
		Debug|ARM64 = Debug|ARM64
		Debug|x64 = Debug|x64
		Debug|x86 = Debug|x86
		Release|Any CPU = Release|Any CPU
		Release|ARM64 = Release|ARM64
		Release|x64 = Release|x64
		Release|x86 = Release|x86
	EndGlobalSection
	GlobalSection(ProjectConfigurationPlatforms) = postSolution
		{D4013AB0-E07E-4458-9F8A-E9E1AD1A8CC1}.Debug|Any CPU.ActiveCfg = Debug|Any CPU
		{D4013AB0-E07E-4458-9F8A-E9E1AD1A8CC1}.Debug|Any CPU.Build.0 = Debug|Any CPU
		{D4013AB0-E07E-4458-9F8A-E9E1AD1A8CC1}.Debug|ARM64.ActiveCfg = Debug|Any CPU
		{D4013AB0-E07E-4458-9F8A-E9E1AD1A8CC1}.Debug|ARM64.Build.0 = Debug|Any CPU
		{D4013AB0-E07E-4458-9F8A-E9E1AD1A8CC1}.Debug|x64.ActiveCfg = Debug|Any CPU
		{D4013AB0-E07E-4458-9F8A-E9E1AD1A8CC1}.Debug|x64.Build.0 = Debug|Any CPU
		{D4013AB0-E07E-4458-9F8A-E9E1AD1A8CC1}.Debug|x86.ActiveCfg = Debug|Any CPU
		{D4013AB0-E07E-4458-9F8A-E9E1AD1A8CC1}.Debug|x86.Build.0 = Debug|Any CPU
		{D4013AB0-E07E-4458-9F8A-E9E1AD1A8CC1}.Release|Any CPU.ActiveCfg = Release|Any CPU
		{D4013AB0-E07E-4458-9F8A-E9E1AD1A8CC1}.Release|Any CPU.Build.0 = Release|Any CPU
		{D4013AB0-E07E-4458-9F8A-E9E1AD1A8CC1}.Release|ARM64.ActiveCfg = Release|Any CPU
		{D4013AB0-E07E-4458-9F8A-E9E1AD1A8CC1}.Release|ARM64.Build.0 = Release|Any CPU
		{D4013AB0-E07E-4458-9F8A-E9E1AD1A8CC1}.Release|x64.ActiveCfg = Release|Any CPU
		{D4013AB0-E07E-4458-9F8A-E9E1AD1A8CC1}.Release|x64.Build.0 = Release|Any CPU
		{D4013AB0-E07E-4458-9F8A-E9E1AD1A8CC1}.Release|x86.ActiveCfg = Release|Any CPU
		{D4013AB0-E07E-4458-9F8A-E9E1AD1A8CC1}.Release|x86.Build.0 = Release|Any CPU
		{5213E0F5-FFC2-4482-9DB9-C7F72899B4EB}.Debug|Any CPU.ActiveCfg = Debug|x64
		{5213E0F5-FFC2-4482-9DB9-C7F72899B4EB}.Debug|Any CPU.Build.0 = Debug|x64
		{5213E0F5-FFC2-4482-9DB9-C7F72899B4EB}.Debug|Any CPU.Deploy.0 = Debug|x64
		{5213E0F5-FFC2-4482-9DB9-C7F72899B4EB}.Debug|ARM64.ActiveCfg = Debug|ARM64
		{5213E0F5-FFC2-4482-9DB9-C7F72899B4EB}.Debug|ARM64.Build.0 = Debug|ARM64
		{5213E0F5-FFC2-4482-9DB9-C7F72899B4EB}.Debug|ARM64.Deploy.0 = Debug|ARM64
		{5213E0F5-FFC2-4482-9DB9-C7F72899B4EB}.Debug|x64.ActiveCfg = Debug|x64
		{5213E0F5-FFC2-4482-9DB9-C7F72899B4EB}.Debug|x64.Build.0 = Debug|x64
		{5213E0F5-FFC2-4482-9DB9-C7F72899B4EB}.Debug|x64.Deploy.0 = Debug|x64
		{5213E0F5-FFC2-4482-9DB9-C7F72899B4EB}.Debug|x86.ActiveCfg = Debug|x86
		{5213E0F5-FFC2-4482-9DB9-C7F72899B4EB}.Debug|x86.Build.0 = Debug|x86
		{5213E0F5-FFC2-4482-9DB9-C7F72899B4EB}.Debug|x86.Deploy.0 = Debug|x86
		{5213E0F5-FFC2-4482-9DB9-C7F72899B4EB}.Release|Any CPU.ActiveCfg = Release|x64
		{5213E0F5-FFC2-4482-9DB9-C7F72899B4EB}.Release|Any CPU.Build.0 = Release|x64
		{5213E0F5-FFC2-4482-9DB9-C7F72899B4EB}.Release|Any CPU.Deploy.0 = Release|x64
		{5213E0F5-FFC2-4482-9DB9-C7F72899B4EB}.Release|ARM64.ActiveCfg = Release|ARM64
		{5213E0F5-FFC2-4482-9DB9-C7F72899B4EB}.Release|ARM64.Build.0 = Release|ARM64
		{5213E0F5-FFC2-4482-9DB9-C7F72899B4EB}.Release|ARM64.Deploy.0 = Release|ARM64
		{5213E0F5-FFC2-4482-9DB9-C7F72899B4EB}.Release|x64.ActiveCfg = Release|x64
		{5213E0F5-FFC2-4482-9DB9-C7F72899B4EB}.Release|x64.Build.0 = Release|x64
		{5213E0F5-FFC2-4482-9DB9-C7F72899B4EB}.Release|x64.Deploy.0 = Release|x64
		{5213E0F5-FFC2-4482-9DB9-C7F72899B4EB}.Release|x86.ActiveCfg = Release|x86
		{5213E0F5-FFC2-4482-9DB9-C7F72899B4EB}.Release|x86.Build.0 = Release|x86
		{5213E0F5-FFC2-4482-9DB9-C7F72899B4EB}.Release|x86.Deploy.0 = Release|x86
		{B6808D34-03E2-4997-9BC2-57CA9B0DD4AF}.Debug|Any CPU.ActiveCfg = Debug|x64
		{B6808D34-03E2-4997-9BC2-57CA9B0DD4AF}.Debug|Any CPU.Build.0 = Debug|x64
		{B6808D34-03E2-4997-9BC2-57CA9B0DD4AF}.Debug|ARM64.ActiveCfg = Debug|ARM64
		{B6808D34-03E2-4997-9BC2-57CA9B0DD4AF}.Debug|ARM64.Build.0 = Debug|ARM64
		{B6808D34-03E2-4997-9BC2-57CA9B0DD4AF}.Debug|x64.ActiveCfg = Debug|x64
		{B6808D34-03E2-4997-9BC2-57CA9B0DD4AF}.Debug|x64.Build.0 = Debug|x64
		{B6808D34-03E2-4997-9BC2-57CA9B0DD4AF}.Debug|x86.ActiveCfg = Debug|x86
		{B6808D34-03E2-4997-9BC2-57CA9B0DD4AF}.Debug|x86.Build.0 = Debug|x86
		{B6808D34-03E2-4997-9BC2-57CA9B0DD4AF}.Release|Any CPU.ActiveCfg = Release|x64
		{B6808D34-03E2-4997-9BC2-57CA9B0DD4AF}.Release|Any CPU.Build.0 = Release|x64
		{B6808D34-03E2-4997-9BC2-57CA9B0DD4AF}.Release|ARM64.ActiveCfg = Release|ARM64
		{B6808D34-03E2-4997-9BC2-57CA9B0DD4AF}.Release|ARM64.Build.0 = Release|ARM64
		{B6808D34-03E2-4997-9BC2-57CA9B0DD4AF}.Release|x64.ActiveCfg = Release|x64
		{B6808D34-03E2-4997-9BC2-57CA9B0DD4AF}.Release|x64.Build.0 = Release|x64
		{B6808D34-03E2-4997-9BC2-57CA9B0DD4AF}.Release|x86.ActiveCfg = Release|x86
		{B6808D34-03E2-4997-9BC2-57CA9B0DD4AF}.Release|x86.Build.0 = Release|x86
	EndGlobalSection
	GlobalSection(SolutionProperties) = preSolution
		HideSolutionNode = FALSE
	EndGlobalSection
	GlobalSection(ExtensibilityGlobals) = postSolution
		SolutionGuid = {63AF8CA5-70DE-4761-A946-A32AB123AF5C}
	EndGlobalSection
EndGlobal
