
Microsoft Visual Studio Solution File, Format Version 12.00
# Visual Studio Version 17
VisualStudioVersion = 17.14.36414.22 d17.14
MinimumVisualStudioVersion = 10.0.40219.1
Project("{FAE04EC0-301F-11D3-BF4B-00C04F79EFBC}") = "WpfHelloWorldCore", "WpfHelloWorldCore\WpfHelloWorldCore.csproj", "{D4013AB0-E07E-4458-9F8A-E9E1AD1A8CC1}"
EndProject
Global
	GlobalSection(SolutionConfigurationPlatforms) = preSolution
		Debug|Any CPU = Debug|Any CPU
		Release|Any CPU = Release|Any CPU
	EndGlobalSection
	GlobalSection(ProjectConfigurationPlatforms) = postSolution
		{D4013AB0-E07E-4458-9F8A-E9E1AD1A8CC1}.Debug|Any CPU.ActiveCfg = Debug|Any CPU
		{D4013AB0-E07E-4458-9F8A-E9E1AD1A8CC1}.Debug|Any CPU.Build.0 = Debug|Any CPU
		{D4013AB0-E07E-4458-9F8A-E9E1AD1A8CC1}.Release|Any CPU.ActiveCfg = Release|Any CPU
		{D4013AB0-E07E-4458-9F8A-E9E1AD1A8CC1}.Release|Any CPU.Build.0 = Release|Any CPU
	EndGlobalSection
	GlobalSection(SolutionProperties) = preSolution
		HideSolutionNode = FALSE
	EndGlobalSection
	GlobalSection(ExtensibilityGlobals) = postSolution
		SolutionGuid = {63AF8CA5-70DE-4761-A946-A32AB123AF5C}
	EndGlobalSection
EndGlobal
